
Microsoft Visual Studio Solution File, Format Version 12.00
# Visual Studio Version 17
VisualStudioVersion = 17.14.36401.2 d17.14
MinimumVisualStudioVersion = 10.0.40219.1
Project("{FAE04EC0-301F-11D3-BF4B-00C04F79EFBC}") = "Console_Math_Game", "Console_Math_Game\Console_Math_Game.csproj", "{1BA0522D-A443-40C1-8989-AFF569343C3D}"
EndProject
Global
	GlobalSection(SolutionConfigurationPlatforms) = preSolution
		Debug|Any CPU = Debug|Any CPU
		Release|Any CPU = Release|Any CPU
	EndGlobalSection
	GlobalSection(ProjectConfigurationPlatforms) = postSolution
		{1BA0522D-A443-40C1-8989-AFF569343C3D}.Debug|Any CPU.ActiveCfg = Debug|Any CPU
		{1BA0522D-A443-40C1-8989-AFF569343C3D}.Debug|Any CPU.Build.0 = Debug|Any CPU
		{1BA0522D-A443-40C1-8989-AFF569343C3D}.Release|Any CPU.ActiveCfg = Release|Any CPU
		{1BA0522D-A443-40C1-8989-AFF569343C3D}.Release|Any CPU.Build.0 = Release|Any CPU
	EndGlobalSection
	GlobalSection(SolutionProperties) = preSolution
		HideSolutionNode = FALSE
	EndGlobalSection
	GlobalSection(ExtensibilityGlobals) = postSolution
		SolutionGuid = {1371E9D1-184E-4D0E-8A42-1B2570BE2E05}
	EndGlobalSection
EndGlobal
